// !$*UTF8*$!
{
	archiveVersion = 1;
	classes = {
	};
	objectVersion = 50;
	objects = {

/* Begin PBXBuildFile section */
		10DFE3662640C5F000E89BEE /* LearningApp.swift in Sources */ = {isa = PBXBuildFile; fileRef = 10DFE3532640C5ED00E89BEE /* LearningApp.swift */; };
		10DFE3672640C5F000E89BEE /* LearningApp.swift in Sources */ = {isa = PBXBuildFile; fileRef = 10DFE3532640C5ED00E89BEE /* LearningApp.swift */; };
		10DFE3682640C5F000E89BEE /* HomeView.swift in Sources */ = {isa = PBXBuildFile; fileRef = 10DFE3542640C5ED00E89BEE /* HomeView.swift */; };
		10DFE3692640C5F000E89BEE /* HomeView.swift in Sources */ = {isa = PBXBuildFile; fileRef = 10DFE3542640C5ED00E89BEE /* HomeView.swift */; };
		10DFE36A2640C5F000E89BEE /* Assets.xcassets in Resources */ = {isa = PBXBuildFile; fileRef = 10DFE3552640C5F000E89BEE /* Assets.xcassets */; };
		10DFE36B2640C5F000E89BEE /* Assets.xcassets in Resources */ = {isa = PBXBuildFile; fileRef = 10DFE3552640C5F000E89BEE /* Assets.xcassets */; };
		10DFE3822640CC4300E89BEE /* ContentModel.swift in Sources */ = {isa = PBXBuildFile; fileRef = 10DFE3812640CC4300E89BEE /* ContentModel.swift */; };
		10DFE38D2640E58900E89BEE /* data.json in Resources */ = {isa = PBXBuildFile; fileRef = 10DFE38B2640E58900E89BEE /* data.json */; };
		10DFE38E2640E58900E89BEE /* style.html in Resources */ = {isa = PBXBuildFile; fileRef = 10DFE38C2640E58900E89BEE /* style.html */; };
		10DFE3922640E7C600E89BEE /* Models.swift in Sources */ = {isa = PBXBuildFile; fileRef = 10DFE3912640E7C600E89BEE /* Models.swift */; };
/* End PBXBuildFile section */

/* Begin PBXFileReference section */
		10DFE3532640C5ED00E89BEE /* LearningApp.swift */ = {isa = PBXFileReference; lastKnownFileType = sourcecode.swift; path = LearningApp.swift; sourceTree = "<group>"; };
		10DFE3542640C5ED00E89BEE /* HomeView.swift */ = {isa = PBXFileReference; lastKnownFileType = sourcecode.swift; path = HomeView.swift; sourceTree = "<group>"; };
		10DFE3552640C5F000E89BEE /* Assets.xcassets */ = {isa = PBXFileReference; lastKnownFileType = folder.assetcatalog; path = Assets.xcassets; sourceTree = "<group>"; };
		10DFE35A2640C5F000E89BEE /* LearningApp.app */ = {isa = PBXFileReference; explicitFileType = wrapper.application; includeInIndex = 0; path = LearningApp.app; sourceTree = BUILT_PRODUCTS_DIR; };
		10DFE35D2640C5F000E89BEE /* Info.plist */ = {isa = PBXFileReference; lastKnownFileType = text.plist.xml; path = Info.plist; sourceTree = "<group>"; };
		10DFE3622640C5F000E89BEE /* LearningApp.app */ = {isa = PBXFileReference; explicitFileType = wrapper.application; includeInIndex = 0; path = LearningApp.app; sourceTree = BUILT_PRODUCTS_DIR; };
		10DFE3642640C5F000E89BEE /* Info.plist */ = {isa = PBXFileReference; lastKnownFileType = text.plist.xml; path = Info.plist; sourceTree = "<group>"; };
		10DFE3652640C5F000E89BEE /* macOS.entitlements */ = {isa = PBXFileReference; lastKnownFileType = text.plist.entitlements; path = macOS.entitlements; sourceTree = "<group>"; };
		10DFE3812640CC4300E89BEE /* ContentModel.swift */ = {isa = PBXFileReference; lastKnownFileType = sourcecode.swift; path = ContentModel.swift; sourceTree = "<group>"; };
		10DFE38B2640E58900E89BEE /* data.json */ = {isa = PBXFileReference; fileEncoding = 4; lastKnownFileType = text.json; name = data.json; path = ../../../../Downloads/LearningApp/LearningApp/Resources/data.json; sourceTree = "<group>"; };
		10DFE38C2640E58900E89BEE /* style.html */ = {isa = PBXFileReference; fileEncoding = 4; lastKnownFileType = text.html; name = style.html; path = ../../../../Downloads/LearningApp/LearningApp/Resources/style.html; sourceTree = "<group>"; };
		10DFE3912640E7C600E89BEE /* Models.swift */ = {isa = PBXFileReference; lastKnownFileType = sourcecode.swift; path = Models.swift; sourceTree = "<group>"; };
/* End PBXFileReference section */

/* Begin PBXFrameworksBuildPhase section */
		10DFE3572640C5F000E89BEE /* Frameworks */ = {
			isa = PBXFrameworksBuildPhase;
			buildActionMask = 2147483647;
			files = (
			);
			runOnlyForDeploymentPostprocessing = 0;
		};
		10DFE35F2640C5F000E89BEE /* Frameworks */ = {
			isa = PBXFrameworksBuildPhase;
			buildActionMask = 2147483647;
			files = (
			);
			runOnlyForDeploymentPostprocessing = 0;
		};
/* End PBXFrameworksBuildPhase section */

/* Begin PBXGroup section */
		10DFE34D2640C5ED00E89BEE = {
			isa = PBXGroup;
			children = (
				10DFE3532640C5ED00E89BEE /* LearningApp.swift */,
				10DFE37A2640C7FD00E89BEE /* Views */,
				10DFE37C2640C83700E89BEE /* Models */,
				10DFE37B2640C82A00E89BEE /* ViewModels */,
				10DFE37D2640C84000E89BEE /* Resources */,
				10DFE37E2640C84C00E89BEE /* Helpers */,
				10DFE3552640C5F000E89BEE /* Assets.xcassets */,
				10DFE35C2640C5F000E89BEE /* iOS */,
				10DFE3632640C5F000E89BEE /* macOS */,
				10DFE35B2640C5F000E89BEE /* Products */,
			);
			sourceTree = "<group>";
		};
		10DFE35B2640C5F000E89BEE /* Products */ = {
			isa = PBXGroup;
			children = (
				10DFE35A2640C5F000E89BEE /* LearningApp.app */,
				10DFE3622640C5F000E89BEE /* LearningApp.app */,
			);
			name = Products;
			sourceTree = "<group>";
		};
		10DFE35C2640C5F000E89BEE /* iOS */ = {
			isa = PBXGroup;
			children = (
				10DFE35D2640C5F000E89BEE /* Info.plist */,
			);
			path = iOS;
			sourceTree = "<group>";
		};
		10DFE3632640C5F000E89BEE /* macOS */ = {
			isa = PBXGroup;
			children = (
				10DFE3642640C5F000E89BEE /* Info.plist */,
				10DFE3652640C5F000E89BEE /* macOS.entitlements */,
			);
			path = macOS;
			sourceTree = "<group>";
		};
		10DFE37A2640C7FD00E89BEE /* Views */ = {
			isa = PBXGroup;
			children = (
				10DFE3542640C5ED00E89BEE /* HomeView.swift */,
			);
			path = Views;
			sourceTree = "<group>";
		};
		10DFE37B2640C82A00E89BEE /* ViewModels */ = {
			isa = PBXGroup;
			children = (
				10DFE3812640CC4300E89BEE /* ContentModel.swift */,
			);
			path = ViewModels;
			sourceTree = "<group>";
		};
		10DFE37C2640C83700E89BEE /* Models */ = {
			isa = PBXGroup;
			children = (
				10DFE3912640E7C600E89BEE /* Models.swift */,
			);
			path = Models;
			sourceTree = "<group>";
		};
		10DFE37D2640C84000E89BEE /* Resources */ = {
			isa = PBXGroup;
			children = (
				10DFE38B2640E58900E89BEE /* data.json */,
				10DFE38C2640E58900E89BEE /* style.html */,
			);
			path = Resources;
			sourceTree = "<group>";
		};
		10DFE37E2640C84C00E89BEE /* Helpers */ = {
			isa = PBXGroup;
			children = (
			);
			path = Helpers;
			sourceTree = "<group>";
		};
/* End PBXGroup section */

/* Begin PBXNativeTarget section */
		10DFE3592640C5F000E89BEE /* LearningApp (iOS) */ = {
			isa = PBXNativeTarget;
			buildConfigurationList = 10DFE36E2640C5F000E89BEE /* Build configuration list for PBXNativeTarget "LearningApp (iOS)" */;
			buildPhases = (
				10DFE3562640C5F000E89BEE /* Sources */,
				10DFE3572640C5F000E89BEE /* Frameworks */,
				10DFE3582640C5F000E89BEE /* Resources */,
			);
			buildRules = (
			);
			dependencies = (
			);
			name = "LearningApp (iOS)";
			productName = "LearningApp (iOS)";
			productReference = 10DFE35A2640C5F000E89BEE /* LearningApp.app */;
			productType = "com.apple.product-type.application";
		};
		10DFE3612640C5F000E89BEE /* LearningApp (macOS) */ = {
			isa = PBXNativeTarget;
			buildConfigurationList = 10DFE3712640C5F000E89BEE /* Build configuration list for PBXNativeTarget "LearningApp (macOS)" */;
			buildPhases = (
				10DFE35E2640C5F000E89BEE /* Sources */,
				10DFE35F2640C5F000E89BEE /* Frameworks */,
				10DFE3602640C5F000E89BEE /* Resources */,
			);
			buildRules = (
			);
			dependencies = (
			);
			name = "LearningApp (macOS)";
			productName = "LearningApp (macOS)";
			productReference = 10DFE3622640C5F000E89BEE /* LearningApp.app */;
			productType = "com.apple.product-type.application";
		};
/* End PBXNativeTarget section */

/* Begin PBXProject section */
		10DFE34E2640C5ED00E89BEE /* Project object */ = {
			isa = PBXProject;
			attributes = {
				LastSwiftUpdateCheck = 1240;
				LastUpgradeCheck = 1240;
				TargetAttributes = {
					10DFE3592640C5F000E89BEE = {
						CreatedOnToolsVersion = 12.4;
					};
					10DFE3612640C5F000E89BEE = {
						CreatedOnToolsVersion = 12.4;
					};
				};
			};
			buildConfigurationList = 10DFE3512640C5ED00E89BEE /* Build configuration list for PBXProject "LearningApp" */;
			compatibilityVersion = "Xcode 9.3";
			developmentRegion = en;
			hasScannedForEncodings = 0;
			knownRegions = (
				en,
				Base,
			);
			mainGroup = 10DFE34D2640C5ED00E89BEE;
			productRefGroup = 10DFE35B2640C5F000E89BEE /* Products */;
			projectDirPath = "";
			projectRoot = "";
			targets = (
				10DFE3592640C5F000E89BEE /* LearningApp (iOS) */,
				10DFE3612640C5F000E89BEE /* LearningApp (macOS) */,
			);
		};
/* End PBXProject section */

/* Begin PBXResourcesBuildPhase section */
		10DFE3582640C5F000E89BEE /* Resources */ = {
			isa = PBXResourcesBuildPhase;
			buildActionMask = 2147483647;
			files = (
				10DFE38E2640E58900E89BEE /* style.html in Resources */,
				10DFE36A2640C5F000E89BEE /* Assets.xcassets in Resources */,
				10DFE38D2640E58900E89BEE /* data.json in Resources */,
			);
			runOnlyForDeploymentPostprocessing = 0;
		};
		10DFE3602640C5F000E89BEE /* Resources */ = {
			isa = PBXResourcesBuildPhase;
			buildActionMask = 2147483647;
			files = (
				10DFE36B2640C5F000E89BEE /* Assets.xcassets in Resources */,
			);
			runOnlyForDeploymentPostprocessing = 0;
		};
/* End PBXResourcesBuildPhase section */

/* Begin PBXSourcesBuildPhase section */
		10DFE3562640C5F000E89BEE /* Sources */ = {
			isa = PBXSourcesBuildPhase;
			buildActionMask = 2147483647;
			files = (
				10DFE3682640C5F000E89BEE /* HomeView.swift in Sources */,
				10DFE3662640C5F000E89BEE /* LearningApp.swift in Sources */,
				10DFE3822640CC4300E89BEE /* ContentModel.swift in Sources */,
				10DFE3922640E7C600E89BEE /* Models.swift in Sources */,
			);
			runOnlyForDeploymentPostprocessing = 0;
		};
		10DFE35E2640C5F000E89BEE /* Sources */ = {
			isa = PBXSourcesBuildPhase;
			buildActionMask = 2147483647;
			files = (
				10DFE3692640C5F000E89BEE /* HomeView.swift in Sources */,
				10DFE3672640C5F000E89BEE /* LearningApp.swift in Sources */,
			);
			runOnlyForDeploymentPostprocessing = 0;
		};
/* End PBXSourcesBuildPhase section */

/* Begin XCBuildConfiguration section */
		10DFE36C2640C5F000E89BEE /* Debug */ = {
			isa = XCBuildConfiguration;
			buildSettings = {
				ALWAYS_SEARCH_USER_PATHS = NO;
				CLANG_ANALYZER_NONNULL = YES;
				CLANG_ANALYZER_NUMBER_OBJECT_CONVERSION = YES_AGGRESSIVE;
				CLANG_CXX_LANGUAGE_STANDARD = "gnu++14";
				CLANG_CXX_LIBRARY = "libc++";
				CLANG_ENABLE_MODULES = YES;
				CLANG_ENABLE_OBJC_ARC = YES;
				CLANG_ENABLE_OBJC_WEAK = YES;
				CLANG_WARN_BLOCK_CAPTURE_AUTORELEASING = YES;
				CLANG_WARN_BOOL_CONVERSION = YES;
				CLANG_WARN_COMMA = YES;
				CLANG_WARN_CONSTANT_CONVERSION = YES;
				CLANG_WARN_DEPRECATED_OBJC_IMPLEMENTATIONS = YES;
				CLANG_WARN_DIRECT_OBJC_ISA_USAGE = YES_ERROR;
				CLANG_WARN_DOCUMENTATION_COMMENTS = YES;
				CLANG_WARN_EMPTY_BODY = YES;
				CLANG_WARN_ENUM_CONVERSION = YES;
				CLANG_WARN_INFINITE_RECURSION = YES;
				CLANG_WARN_INT_CONVERSION = YES;
				CLANG_WARN_NON_LITERAL_NULL_CONVERSION = YES;
				CLANG_WARN_OBJC_IMPLICIT_RETAIN_SELF = YES;
				CLANG_WARN_OBJC_LITERAL_CONVERSION = YES;
				CLANG_WARN_OBJC_ROOT_CLASS = YES_ERROR;
				CLANG_WARN_QUOTED_INCLUDE_IN_FRAMEWORK_HEADER = YES;
				CLANG_WARN_RANGE_LOOP_ANALYSIS = YES;
				CLANG_WARN_STRICT_PROTOTYPES = YES;
				CLANG_WARN_SUSPICIOUS_MOVE = YES;
				CLANG_WARN_UNGUARDED_AVAILABILITY = YES_AGGRESSIVE;
				CLANG_WARN_UNREACHABLE_CODE = YES;
				CLANG_WARN__DUPLICATE_METHOD_MATCH = YES;
				COPY_PHASE_STRIP = NO;
				DEBUG_INFORMATION_FORMAT = dwarf;
				ENABLE_STRICT_OBJC_MSGSEND = YES;
				ENABLE_TESTABILITY = YES;
				GCC_C_LANGUAGE_STANDARD = gnu11;
				GCC_DYNAMIC_NO_PIC = NO;
				GCC_NO_COMMON_BLOCKS = YES;
				GCC_OPTIMIZATION_LEVEL = 0;
				GCC_PREPROCESSOR_DEFINITIONS = (
					"DEBUG=1",
					"$(inherited)",
				);
				GCC_WARN_64_TO_32_BIT_CONVERSION = YES;
				GCC_WARN_ABOUT_RETURN_TYPE = YES_ERROR;
				GCC_WARN_UNDECLARED_SELECTOR = YES;
				GCC_WARN_UNINITIALIZED_AUTOS = YES_AGGRESSIVE;
				GCC_WARN_UNUSED_FUNCTION = YES;
				GCC_WARN_UNUSED_VARIABLE = YES;
				MTL_ENABLE_DEBUG_INFO = INCLUDE_SOURCE;
				MTL_FAST_MATH = YES;
				ONLY_ACTIVE_ARCH = YES;
				SWIFT_ACTIVE_COMPILATION_CONDITIONS = DEBUG;
				SWIFT_OPTIMIZATION_LEVEL = "-Onone";
			};
			name = Debug;
		};
		10DFE36D2640C5F000E89BEE /* Release */ = {
			isa = XCBuildConfiguration;
			buildSettings = {
				ALWAYS_SEARCH_USER_PATHS = NO;
				CLANG_ANALYZER_NONNULL = YES;
				CLANG_ANALYZER_NUMBER_OBJECT_CONVERSION = YES_AGGRESSIVE;
				CLANG_CXX_LANGUAGE_STANDARD = "gnu++14";
				CLANG_CXX_LIBRARY = "libc++";
				CLANG_ENABLE_MODULES = YES;
				CLANG_ENABLE_OBJC_ARC = YES;
				CLANG_ENABLE_OBJC_WEAK = YES;
				CLANG_WARN_BLOCK_CAPTURE_AUTORELEASING = YES;
				CLANG_WARN_BOOL_CONVERSION = YES;
				CLANG_WARN_COMMA = YES;
				CLANG_WARN_CONSTANT_CONVERSION = YES;
				CLANG_WARN_DEPRECATED_OBJC_IMPLEMENTATIONS = YES;
				CLANG_WARN_DIRECT_OBJC_ISA_USAGE = YES_ERROR;
				CLANG_WARN_DOCUMENTATION_COMMENTS = YES;
				CLANG_WARN_EMPTY_BODY = YES;
				CLANG_WARN_ENUM_CONVERSION = YES;
				CLANG_WARN_INFINITE_RECURSION = YES;
				CLANG_WARN_INT_CONVERSION = YES;
				CLANG_WARN_NON_LITERAL_NULL_CONVERSION = YES;
				CLANG_WARN_OBJC_IMPLICIT_RETAIN_SELF = YES;
				CLANG_WARN_OBJC_LITERAL_CONVERSION = YES;
				CLANG_WARN_OBJC_ROOT_CLASS = YES_ERROR;
				CLANG_WARN_QUOTED_INCLUDE_IN_FRAMEWORK_HEADER = YES;
				CLANG_WARN_RANGE_LOOP_ANALYSIS = YES;
				CLANG_WARN_STRICT_PROTOTYPES = YES;
				CLANG_WARN_SUSPICIOUS_MOVE = YES;
				CLANG_WARN_UNGUARDED_AVAILABILITY = YES_AGGRESSIVE;
				CLANG_WARN_UNREACHABLE_CODE = YES;
				CLANG_WARN__DUPLICATE_METHOD_MATCH = YES;
				COPY_PHASE_STRIP = NO;
				DEBUG_INFORMATION_FORMAT = "dwarf-with-dsym";
				ENABLE_NS_ASSERTIONS = NO;
				ENABLE_STRICT_OBJC_MSGSEND = YES;
				GCC_C_LANGUAGE_STANDARD = gnu11;
				GCC_NO_COMMON_BLOCKS = YES;
				GCC_WARN_64_TO_32_BIT_CONVERSION = YES;
				GCC_WARN_ABOUT_RETURN_TYPE = YES_ERROR;
				GCC_WARN_UNDECLARED_SELECTOR = YES;
				GCC_WARN_UNINITIALIZED_AUTOS = YES_AGGRESSIVE;
				GCC_WARN_UNUSED_FUNCTION = YES;
				GCC_WARN_UNUSED_VARIABLE = YES;
				MTL_ENABLE_DEBUG_INFO = NO;
				MTL_FAST_MATH = YES;
				SWIFT_COMPILATION_MODE = wholemodule;
				SWIFT_OPTIMIZATION_LEVEL = "-O";
			};
			name = Release;
		};
		10DFE36F2640C5F000E89BEE /* Debug */ = {
			isa = XCBuildConfiguration;
			buildSettings = {
				ASSETCATALOG_COMPILER_APPICON_NAME = AppIcon;
				ASSETCATALOG_COMPILER_GLOBAL_ACCENT_COLOR_NAME = AccentColor;
				CODE_SIGN_STYLE = Automatic;
				ENABLE_PREVIEWS = YES;
				INFOPLIST_FILE = iOS/Info.plist;
				IPHONEOS_DEPLOYMENT_TARGET = 14.0;
				LD_RUNPATH_SEARCH_PATHS = (
					"$(inherited)",
					"@executable_path/Frameworks",
				);
				PRODUCT_BUNDLE_IDENTIFIER = realyaari.com.LearningApp;
				PRODUCT_NAME = LearningApp;
				SDKROOT = iphoneos;
				SWIFT_VERSION = 5.0;
				TARGETED_DEVICE_FAMILY = "1,2";
			};
			name = Debug;
		};
		10DFE3702640C5F000E89BEE /* Release */ = {
			isa = XCBuildConfiguration;
			buildSettings = {
				ASSETCATALOG_COMPILER_APPICON_NAME = AppIcon;
				ASSETCATALOG_COMPILER_GLOBAL_ACCENT_COLOR_NAME = AccentColor;
				CODE_SIGN_STYLE = Automatic;
				ENABLE_PREVIEWS = YES;
				INFOPLIST_FILE = iOS/Info.plist;
				IPHONEOS_DEPLOYMENT_TARGET = 14.0;
				LD_RUNPATH_SEARCH_PATHS = (
					"$(inherited)",
					"@executable_path/Frameworks",
				);
				PRODUCT_BUNDLE_IDENTIFIER = realyaari.com.LearningApp;
				PRODUCT_NAME = LearningApp;
				SDKROOT = iphoneos;
				SWIFT_VERSION = 5.0;
				TARGETED_DEVICE_FAMILY = "1,2";
				VALIDATE_PRODUCT = YES;
			};
			name = Release;
		};
		10DFE3722640C5F000E89BEE /* Debug */ = {
			isa = XCBuildConfiguration;
			buildSettings = {
				ASSETCATALOG_COMPILER_APPICON_NAME = AppIcon;
				ASSETCATALOG_COMPILER_GLOBAL_ACCENT_COLOR_NAME = AccentColor;
				CODE_SIGN_ENTITLEMENTS = macOS/macOS.entitlements;
				CODE_SIGN_STYLE = Automatic;
				COMBINE_HIDPI_IMAGES = YES;
				ENABLE_PREVIEWS = YES;
				INFOPLIST_FILE = macOS/Info.plist;
				LD_RUNPATH_SEARCH_PATHS = (
					"$(inherited)",
					"@executable_path/../Frameworks",
				);
				MACOSX_DEPLOYMENT_TARGET = 11.0;
				PRODUCT_BUNDLE_IDENTIFIER = realyaari.com.LearningApp;
				PRODUCT_NAME = LearningApp;
				SDKROOT = macosx;
				SWIFT_VERSION = 5.0;
			};
			name = Debug;
		};
		10DFE3732640C5F000E89BEE /* Release */ = {
			isa = XCBuildConfiguration;
			buildSettings = {
				ASSETCATALOG_COMPILER_APPICON_NAME = AppIcon;
				ASSETCATALOG_COMPILER_GLOBAL_ACCENT_COLOR_NAME = AccentColor;
				CODE_SIGN_ENTITLEMENTS = macOS/macOS.entitlements;
				CODE_SIGN_STYLE = Automatic;
				COMBINE_HIDPI_IMAGES = YES;
				ENABLE_PREVIEWS = YES;
				INFOPLIST_FILE = macOS/Info.plist;
				LD_RUNPATH_SEARCH_PATHS = (
					"$(inherited)",
					"@executable_path/../Frameworks",
				);
				MACOSX_DEPLOYMENT_TARGET = 11.0;
				PRODUCT_BUNDLE_IDENTIFIER = realyaari.com.LearningApp;
				PRODUCT_NAME = LearningApp;
				SDKROOT = macosx;
				SWIFT_VERSION = 5.0;
			};
			name = Release;
		};
/* End XCBuildConfiguration section */

/* Begin XCConfigurationList section */
		10DFE3512640C5ED00E89BEE /* Build configuration list for PBXProject "LearningApp" */ = {
			isa = XCConfigurationList;
			buildConfigurations = (
				10DFE36C2640C5F000E89BEE /* Debug */,
				10DFE36D2640C5F000E89BEE /* Release */,
			);
			defaultConfigurationIsVisible = 0;
			defaultConfigurationName = Release;
		};
		10DFE36E2640C5F000E89BEE /* Build configuration list for PBXNativeTarget "LearningApp (iOS)" */ = {
			isa = XCConfigurationList;
			buildConfigurations = (
				10DFE36F2640C5F000E89BEE /* Debug */,
				10DFE3702640C5F000E89BEE /* Release */,
			);
			defaultConfigurationIsVisible = 0;
			defaultConfigurationName = Release;
		};
		10DFE3712640C5F000E89BEE /* Build configuration list for PBXNativeTarget "LearningApp (macOS)" */ = {
			isa = XCConfigurationList;
			buildConfigurations = (
				10DFE3722640C5F000E89BEE /* Debug */,
				10DFE3732640C5F000E89BEE /* Release */,
			);
			defaultConfigurationIsVisible = 0;
			defaultConfigurationName = Release;
		};
/* End XCConfigurationList section */
	};
	rootObject = 10DFE34E2640C5ED00E89BEE /* Project object */;
}
